PODS:
  - iCloudDocumentSync (7.4.1)
  - MZTimerLabel (0.5.4)
  - TGCameraViewController (2.2.8)
  - Toast (3.0)
  - UrbanAirship-iOS-SDK (8.3.3)

DEPENDENCIES:
  - iCloudDocumentSync (= 7.4.1)
  - MZTimerLabel (= 0.5.4)
  - TGCameraViewController (= 2.2.8)
  - Toast (= 3.0)
  - UrbanAirship-iOS-SDK

SPEC CHECKSUMS:
  iCloudDocumentSync: 961aac30ca09c221de4c236e94dae69912f2c589
  MZTimerLabel: cd9bfb9304540ef2a9e163384fca9c978f0dbf83
  TGCameraViewController: 0768b534800e6136e70dd3cc5aafe1310b448480
  Toast: 32c59229abfcf41850162b83bb9259dc84372473
  UrbanAirship-iOS-SDK: 51a0deb935d0be5905473654316ad1b6f09f3353

PODFILE CHECKSUM: ae0c1b5f2010dd102b67402ad094dfc34f6ecef4

COCOAPODS: 1.2.1
